PODS:
  - j2objc-share-debug (1.0)
  - j2objc-share-release (1.0)

DEPENDENCIES:
  - j2objc-share-debug (from `../share/build/j2objcOutputs`)
  - j2objc-share-release (from `../share/build/j2objcOutputs`)

EXTERNAL SOURCES:
  j2objc-share-debug:
    :path: ../share/build/j2objcOutputs
  j2objc-share-release:
    :path: ../share/build/j2objcOutputs

SPEC CHECKSUMS:
  j2objc-share-debug: 66ade8d7353f33261f75a9fe889c4156b5056c54
  j2objc-share-release: 2e0e8dd76c3979c9a8fa6f35125f1e49f0be56fa

COCOAPODS: 0.39.0
