// !$*UTF8*$!
{
	archiveVersion = 1;
	classes = {
	};
	objectVersion = 46;
	objects = {

/* Begin PBXBuildFile section */
		ACC2DC241B2E8097DAB607C4 /* libPods-LatexRenderer.a in Frameworks */ = {isa = PBXBuildFile; fileRef = 844762A140354C242A6C75D6 /* libPods-LatexRenderer.a */; };
		BB8A2A7D1C47B3090038E3E4 /* BaseObjectHelper.m in Sources */ = {isa = PBXBuildFile; fileRef = BB8A2A3D1C47B3090038E3E4 /* BaseObjectHelper.m */; };
		BB8A2A7E1C47B3090038E3E4 /* FactoryProvideriOS.m in Sources */ = {isa = PBXBuildFile; fileRef = BB8A2A3F1C47B3090038E3E4 /* FactoryProvideriOS.m */; };
		BB8A2A7F1C47B3090038E3E4 /* FontFactoryiOS.m in Sources */ = {isa = PBXBuildFile; fileRef = BB8A2A421C47B3090038E3E4 /* FontFactoryiOS.m */; };
		BB8A2A801C47B3090038E3E4 /* FontI.m in Sources */ = {isa = PBXBuildFile; fileRef = BB8A2A441C47B3090038E3E4 /* FontI.m */; };
		BB8A2A811C47B3090038E3E4 /* FontLoaderI.m in Sources */ = {isa = PBXBuildFile; fileRef = BB8A2A461C47B3090038E3E4 /* FontLoaderI.m */; };
		BB8A2A821C47B3090038E3E4 /* FontRenderContextI.m in Sources */ = {isa = PBXBuildFile; fileRef = BB8A2A481C47B3090038E3E4 /* FontRenderContextI.m */; };
		BB8A2A831C47B3090038E3E4 /* TextAttributeI.m in Sources */ = {isa = PBXBuildFile; fileRef = BB8A2A4A1C47B3090038E3E4 /* TextAttributeI.m */; };
		BB8A2A841C47B3090038E3E4 /* TextAttributeProviderI.m in Sources */ = {isa = PBXBuildFile; fileRef = BB8A2A4C1C47B3090038E3E4 /* TextAttributeProviderI.m */; };
		BB8A2A851C47B3090038E3E4 /* TextLayoutI.m in Sources */ = {isa = PBXBuildFile; fileRef = BB8A2A4E1C47B3090038E3E4 /* TextLayoutI.m */; };
		BB8A2A861C47B3090038E3E4 /* GeomFactoryiOS.m in Sources */ = {isa = PBXBuildFile; fileRef = BB8A2A511C47B3090038E3E4 /* GeomFactoryiOS.m */; };
		BB8A2A871C47B3090038E3E4 /* Line2DI.m in Sources */ = {isa = PBXBuildFile; fileRef = BB8A2A531C47B3090038E3E4 /* Line2DI.m */; };
		BB8A2A881C47B3090038E3E4 /* Point2DI.m in Sources */ = {isa = PBXBuildFile; fileRef = BB8A2A551C47B3090038E3E4 /* Point2DI.m */; };
		BB8A2A891C47B3090038E3E4 /* Rectangle2DI.m in Sources */ = {isa = PBXBuildFile; fileRef = BB8A2A571C47B3090038E3E4 /* Rectangle2DI.m */; };
		BB8A2A8A1C47B3090038E3E4 /* RoundRectangle2DI.m in Sources */ = {isa = PBXBuildFile; fileRef = BB8A2A591C47B3090038E3E4 /* RoundRectangle2DI.m */; };
		BB8A2A8B1C47B3090038E3E4 /* BasicStrokeI.m in Sources */ = {isa = PBXBuildFile; fileRef = BB8A2A5C1C47B3090038E3E4 /* BasicStrokeI.m */; };
		BB8A2A8C1C47B3090038E3E4 /* ColorI.m in Sources */ = {isa = PBXBuildFile; fileRef = BB8A2A5E1C47B3090038E3E4 /* ColorI.m */; };
		BB8A2A8D1C47B3090038E3E4 /* Graphics2DI.m in Sources */ = {isa = PBXBuildFile; fileRef = BB8A2A601C47B3090038E3E4 /* Graphics2DI.m */; };
		BB8A2A8E1C47B3090038E3E4 /* GraphicsFactoryiOS.m in Sources */ = {isa = PBXBuildFile; fileRef = BB8A2A621C47B3090038E3E4 /* GraphicsFactoryiOS.m */; };
		BB8A2A8F1C47B3090038E3E4 /* ImageI.m in Sources */ = {isa = PBXBuildFile; fileRef = BB8A2A641C47B3090038E3E4 /* ImageI.m */; };
		BB8A2A901C47B3090038E3E4 /* TransformI.m in Sources */ = {isa = PBXBuildFile; fileRef = BB8A2A661C47B3090038E3E4 /* TransformI.m */; };
		BB8A2A911C47B3090038E3E4 /* AttrI.m in Sources */ = {isa = PBXBuildFile; fileRef = BB8A2A691C47B3090038E3E4 /* AttrI.m */; };
		BB8A2A921C47B3090038E3E4 /* DocumentI.m in Sources */ = {isa = PBXBuildFile; fileRef = BB8A2A6B1C47B3090038E3E4 /* DocumentI.m */; };
		BB8A2A931C47B3090038E3E4 /* ElementI.m in Sources */ = {isa = PBXBuildFile; fileRef = BB8A2A6D1C47B3090038E3E4 /* ElementI.m */; };
		BB8A2A941C47B3090038E3E4 /* NamedNodeMapI.m in Sources */ = {isa = PBXBuildFile; fileRef = BB8A2A6F1C47B3090038E3E4 /* NamedNodeMapI.m */; };
		BB8A2A951C47B3090038E3E4 /* NodeI.m in Sources */ = {isa = PBXBuildFile; fileRef = BB8A2A711C47B3090038E3E4 /* NodeI.m */; };
		BB8A2A961C47B3090038E3E4 /* NodeListI.m in Sources */ = {isa = PBXBuildFile; fileRef = BB8A2A731C47B3090038E3E4 /* NodeListI.m */; };
		BB8A2A971C47B3090038E3E4 /* ParserFactoryiOS.m in Sources */ = {isa = PBXBuildFile; fileRef = BB8A2A751C47B3090038E3E4 /* ParserFactoryiOS.m */; };
		BB8A2A981C47B3090038E3E4 /* ParserI.m in Sources */ = {isa = PBXBuildFile; fileRef = BB8A2A771C47B3090038E3E4 /* ParserI.m */; };
		BB8A2A991C47B3090038E3E4 /* ResourceLoaderFactoryiOS.m in Sources */ = {isa = PBXBuildFile; fileRef = BB8A2A7A1C47B3090038E3E4 /* ResourceLoaderFactoryiOS.m */; };
		BB8A2A9A1C47B3090038E3E4 /* ResourceLoaderI.m in Sources */ = {isa = PBXBuildFile; fileRef = BB8A2A7C1C47B3090038E3E4 /* ResourceLoaderI.m */; };
/* End PBXBuildFile section */

/* Begin PBXCopyFilesBuildPhase section */
		BB8A2A2D1C47AB1F0038E3E4 /* CopyFiles */ = {
			isa = PBXCopyFilesBuildPhase;
			buildActionMask = 2147483647;
			dstPath = "include/$(PRODUCT_NAME)";
			dstSubfolderSpec = 16;
			files = (
			);
			runOnlyForDeploymentPostprocessing = 0;
		};
/* End PBXCopyFilesBuildPhase section */

/* Begin PBXFileReference section */
		3A754EB9E8C42737B1BDD59A /* Pods-LatexRenderer.release.xcconfig */ = {isa = PBXFileReference; includeInIndex = 1; lastKnownFileType = text.xcconfig; name = "Pods-LatexRenderer.release.xcconfig"; path = "Pods/Target Support Files/Pods-LatexRenderer/Pods-LatexRenderer.release.xcconfig"; sourceTree = "<group>"; };
		844762A140354C242A6C75D6 /* libPods-LatexRenderer.a */ = {isa = PBXFileReference; explicitFileType = archive.ar; includeInIndex = 0; path = "libPods-LatexRenderer.a"; sourceTree = BUILT_PRODUCTS_DIR; };
		A1FFADED792FCD5350F3A5BC /* Pods-LatexRenderer.debug.xcconfig */ = {isa = PBXFileReference; includeInIndex = 1; lastKnownFileType = text.xcconfig; name = "Pods-LatexRenderer.debug.xcconfig"; path = "Pods/Target Support Files/Pods-LatexRenderer/Pods-LatexRenderer.debug.xcconfig"; sourceTree = "<group>"; };
		BB8A2A2F1C47AB1F0038E3E4 /* libLatexRenderer.a */ = {isa = PBXFileReference; explicitFileType = archive.ar; includeInIndex = 0; path = libLatexRenderer.a; sourceTree = BUILT_PRODUCTS_DIR; };
		BB8A2A3C1C47B3090038E3E4 /* BaseObjectHelper.h */ = {isa = PBXFileReference; fileEncoding = 4; lastKnownFileType = sourcecode.c.h; path = BaseObjectHelper.h; sourceTree = "<group>"; };
		BB8A2A3D1C47B3090038E3E4 /* BaseObjectHelper.m */ = {isa = PBXFileReference; fileEncoding = 4; lastKnownFileType = sourcecode.c.objc; path = BaseObjectHelper.m; sourceTree = "<group>"; };
		BB8A2A3E1C47B3090038E3E4 /* FactoryProvideriOS.h */ = {isa = PBXFileReference; fileEncoding = 4; lastKnownFileType = sourcecode.c.h; path = FactoryProvideriOS.h; sourceTree = "<group>"; };
		BB8A2A3F1C47B3090038E3E4 /* FactoryProvideriOS.m */ = {isa = PBXFileReference; fileEncoding = 4; lastKnownFileType = sourcecode.c.objc; path = FactoryProvideriOS.m; sourceTree = "<group>"; };
		BB8A2A411C47B3090038E3E4 /* FontFactoryiOS.h */ = {isa = PBXFileReference; fileEncoding = 4; lastKnownFileType = sourcecode.c.h; path = FontFactoryiOS.h; sourceTree = "<group>"; };
		BB8A2A421C47B3090038E3E4 /* FontFactoryiOS.m */ = {isa = PBXFileReference; fileEncoding = 4; lastKnownFileType = sourcecode.c.objc; path = FontFactoryiOS.m; sourceTree = "<group>"; };
		BB8A2A431C47B3090038E3E4 /* FontI.h */ = {isa = PBXFileReference; fileEncoding = 4; lastKnownFileType = sourcecode.c.h; path = FontI.h; sourceTree = "<group>"; };
		BB8A2A441C47B3090038E3E4 /* FontI.m */ = {isa = PBXFileReference; fileEncoding = 4; lastKnownFileType = sourcecode.c.objc; path = FontI.m; sourceTree = "<group>"; };
		BB8A2A451C47B3090038E3E4 /* FontLoaderI.h */ = {isa = PBXFileReference; fileEncoding = 4; lastKnownFileType = sourcecode.c.h; path = FontLoaderI.h; sourceTree = "<group>"; };
		BB8A2A461C47B3090038E3E4 /* FontLoaderI.m */ = {isa = PBXFileReference; fileEncoding = 4; lastKnownFileType = sourcecode.c.objc; path = FontLoaderI.m; sourceTree = "<group>"; };
		BB8A2A471C47B3090038E3E4 /* FontRenderContextI.h */ = {isa = PBXFileReference; fileEncoding = 4; lastKnownFileType = sourcecode.c.h; path = FontRenderContextI.h; sourceTree = "<group>"; };
		BB8A2A481C47B3090038E3E4 /* FontRenderContextI.m */ = {isa = PBXFileReference; fileEncoding = 4; lastKnownFileType = sourcecode.c.objc; path = FontRenderContextI.m; sourceTree = "<group>"; };
		BB8A2A491C47B3090038E3E4 /* TextAttributeI.h */ = {isa = PBXFileReference; fileEncoding = 4; lastKnownFileType = sourcecode.c.h; path = TextAttributeI.h; sourceTree = "<group>"; };
		BB8A2A4A1C47B3090038E3E4 /* TextAttributeI.m */ = {isa = PBXFileReference; fileEncoding = 4; lastKnownFileType = sourcecode.c.objc; path = TextAttributeI.m; sourceTree = "<group>"; };
		BB8A2A4B1C47B3090038E3E4 /* TextAttributeProviderI.h */ = {isa = PBXFileReference; fileEncoding = 4; lastKnownFileType = sourcecode.c.h; path = TextAttributeProviderI.h; sourceTree = "<group>"; };
		BB8A2A4C1C47B3090038E3E4 /* TextAttributeProviderI.m */ = {isa = PBXFileReference; fileEncoding = 4; lastKnownFileType = sourcecode.c.objc; path = TextAttributeProviderI.m; sourceTree = "<group>"; };
		BB8A2A4D1C47B3090038E3E4 /* TextLayoutI.h */ = {isa = PBXFileReference; fileEncoding = 4; lastKnownFileType = sourcecode.c.h; path = TextLayoutI.h; sourceTree = "<group>"; };
		BB8A2A4E1C47B3090038E3E4 /* TextLayoutI.m */ = {isa = PBXFileReference; fileEncoding = 4; lastKnownFileType = sourcecode.c.objc; path = TextLayoutI.m; sourceTree = "<group>"; };
		BB8A2A501C47B3090038E3E4 /* GeomFactoryiOS.h */ = {isa = PBXFileReference; fileEncoding = 4; lastKnownFileType = sourcecode.c.h; path = GeomFactoryiOS.h; sourceTree = "<group>"; };
		BB8A2A511C47B3090038E3E4 /* GeomFactoryiOS.m */ = {isa = PBXFileReference; fileEncoding = 4; lastKnownFileType = sourcecode.c.objc; path = GeomFactoryiOS.m; sourceTree = "<group>"; };
		BB8A2A521C47B3090038E3E4 /* Line2DI.h */ = {isa = PBXFileReference; fileEncoding = 4; lastKnownFileType = sourcecode.c.h; path = Line2DI.h; sourceTree = "<group>"; };
		BB8A2A531C47B3090038E3E4 /* Line2DI.m */ = {isa = PBXFileReference; fileEncoding = 4; lastKnownFileType = sourcecode.c.objc; path = Line2DI.m; sourceTree = "<group>"; };
		BB8A2A541C47B3090038E3E4 /* Point2DI.h */ = {isa = PBXFileReference; fileEncoding = 4; lastKnownFileType = sourcecode.c.h; path = Point2DI.h; sourceTree = "<group>"; };
		BB8A2A551C47B3090038E3E4 /* Point2DI.m */ = {isa = PBXFileReference; fileEncoding = 4; lastKnownFileType = sourcecode.c.objc; path = Point2DI.m; sourceTree = "<group>"; };
		BB8A2A561C47B3090038E3E4 /* Rectangle2DI.h */ = {isa = PBXFileReference; fileEncoding = 4; lastKnownFileType = sourcecode.c.h; path = Rectangle2DI.h; sourceTree = "<group>"; };
		BB8A2A571C47B3090038E3E4 /* Rectangle2DI.m */ = {isa = PBXFileReference; fileEncoding = 4; lastKnownFileType = sourcecode.c.objc; path = Rectangle2DI.m; sourceTree = "<group>"; };
		BB8A2A581C47B3090038E3E4 /* RoundRectangle2DI.h */ = {isa = PBXFileReference; fileEncoding = 4; lastKnownFileType = sourcecode.c.h; path = RoundRectangle2DI.h; sourceTree = "<group>"; };
		BB8A2A591C47B3090038E3E4 /* RoundRectangle2DI.m */ = {isa = PBXFileReference; fileEncoding = 4; lastKnownFileType = sourcecode.c.objc; path = RoundRectangle2DI.m; sourceTree = "<group>"; };
		BB8A2A5B1C47B3090038E3E4 /* BasicStrokeI.h */ = {isa = PBXFileReference; fileEncoding = 4; lastKnownFileType = sourcecode.c.h; path = BasicStrokeI.h; sourceTree = "<group>"; };
		BB8A2A5C1C47B3090038E3E4 /* BasicStrokeI.m */ = {isa = PBXFileReference; fileEncoding = 4; lastKnownFileType = sourcecode.c.objc; path = BasicStrokeI.m; sourceTree = "<group>"; };
		BB8A2A5D1C47B3090038E3E4 /* ColorI.h */ = {isa = PBXFileReference; fileEncoding = 4; lastKnownFileType = sourcecode.c.h; path = ColorI.h; sourceTree = "<group>"; };
		BB8A2A5E1C47B3090038E3E4 /* ColorI.m */ = {isa = PBXFileReference; fileEncoding = 4; lastKnownFileType = sourcecode.c.objc; path = ColorI.m; sourceTree = "<group>"; };
		BB8A2A5F1C47B3090038E3E4 /* Graphics2DI.h */ = {isa = PBXFileReference; fileEncoding = 4; lastKnownFileType = sourcecode.c.h; path = Graphics2DI.h; sourceTree = "<group>"; };
		BB8A2A601C47B3090038E3E4 /* Graphics2DI.m */ = {isa = PBXFileReference; fileEncoding = 4; lastKnownFileType = sourcecode.c.objc; path = Graphics2DI.m; sourceTree = "<group>"; };
		BB8A2A611C47B3090038E3E4 /* GraphicsFactoryiOS.h */ = {isa = PBXFileReference; fileEncoding = 4; lastKnownFileType = sourcecode.c.h; path = GraphicsFactoryiOS.h; sourceTree = "<group>"; };
		BB8A2A621C47B3090038E3E4 /* GraphicsFactoryiOS.m */ = {isa = PBXFileReference; fileEncoding = 4; lastKnownFileType = sourcecode.c.objc; path = GraphicsFactoryiOS.m; sourceTree = "<group>"; };
		BB8A2A631C47B3090038E3E4 /* ImageI.h */ = {isa = PBXFileReference; fileEncoding = 4; lastKnownFileType = sourcecode.c.h; path = ImageI.h; sourceTree = "<group>"; };
		BB8A2A641C47B3090038E3E4 /* ImageI.m */ = {isa = PBXFileReference; fileEncoding = 4; lastKnownFileType = sourcecode.c.objc; path = ImageI.m; sourceTree = "<group>"; };
		BB8A2A651C47B3090038E3E4 /* TransformI.h */ = {isa = PBXFileReference; fileEncoding = 4; lastKnownFileType = sourcecode.c.h; path = TransformI.h; sourceTree = "<group>"; };
		BB8A2A661C47B3090038E3E4 /* TransformI.m */ = {isa = PBXFileReference; fileEncoding = 4; lastKnownFileType = sourcecode.c.objc; path = TransformI.m; sourceTree = "<group>"; };
		BB8A2A681C47B3090038E3E4 /* AttrI.h */ = {isa = PBXFileReference; fileEncoding = 4; lastKnownFileType = sourcecode.c.h; path = AttrI.h; sourceTree = "<group>"; };
		BB8A2A691C47B3090038E3E4 /* AttrI.m */ = {isa = PBXFileReference; fileEncoding = 4; lastKnownFileType = sourcecode.c.objc; path = AttrI.m; sourceTree = "<group>"; };
		BB8A2A6A1C47B3090038E3E4 /* DocumentI.h */ = {isa = PBXFileReference; fileEncoding = 4; lastKnownFileType = sourcecode.c.h; path = DocumentI.h; sourceTree = "<group>"; };
		BB8A2A6B1C47B3090038E3E4 /* DocumentI.m */ = {isa = PBXFileReference; fileEncoding = 4; lastKnownFileType = sourcecode.c.objc; path = DocumentI.m; sourceTree = "<group>"; };
		BB8A2A6C1C47B3090038E3E4 /* ElementI.h */ = {isa = PBXFileReference; fileEncoding = 4; lastKnownFileType = sourcecode.c.h; path = ElementI.h; sourceTree = "<group>"; };
		BB8A2A6D1C47B3090038E3E4 /* ElementI.m */ = {isa = PBXFileReference; fileEncoding = 4; lastKnownFileType = sourcecode.c.objc; path = ElementI.m; sourceTree = "<group>"; };
		BB8A2A6E1C47B3090038E3E4 /* NamedNodeMapI.h */ = {isa = PBXFileReference; fileEncoding = 4; lastKnownFileType = sourcecode.c.h; path = NamedNodeMapI.h; sourceTree = "<group>"; };
		BB8A2A6F1C47B3090038E3E4 /* NamedNodeMapI.m */ = {isa = PBXFileReference; fileEncoding = 4; lastKnownFileType = sourcecode.c.objc; path = NamedNodeMapI.m; sourceTree = "<group>"; };
		BB8A2A701C47B3090038E3E4 /* NodeI.h */ = {isa = PBXFileReference; fileEncoding = 4; lastKnownFileType = sourcecode.c.h; path = NodeI.h; sourceTree = "<group>"; };
		BB8A2A711C47B3090038E3E4 /* NodeI.m */ = {isa = PBXFileReference; fileEncoding = 4; lastKnownFileType = sourcecode.c.objc; path = NodeI.m; sourceTree = "<group>"; };
		BB8A2A721C47B3090038E3E4 /* NodeListI.h */ = {isa = PBXFileReference; fileEncoding = 4; lastKnownFileType = sourcecode.c.h; path = NodeListI.h; sourceTree = "<group>"; };
		BB8A2A731C47B3090038E3E4 /* NodeListI.m */ = {isa = PBXFileReference; fileEncoding = 4; lastKnownFileType = sourcecode.c.objc; path = NodeListI.m; sourceTree = "<group>"; };
		BB8A2A741C47B3090038E3E4 /* ParserFactoryiOS.h */ = {isa = PBXFileReference; fileEncoding = 4; lastKnownFileType = sourcecode.c.h; path = ParserFactoryiOS.h; sourceTree = "<group>"; };
		BB8A2A751C47B3090038E3E4 /* ParserFactoryiOS.m */ = {isa = PBXFileReference; fileEncoding = 4; lastKnownFileType = sourcecode.c.objc; path = ParserFactoryiOS.m; sourceTree = "<group>"; };
		BB8A2A761C47B3090038E3E4 /* ParserI.h */ = {isa = PBXFileReference; fileEncoding = 4; lastKnownFileType = sourcecode.c.h; path = ParserI.h; sourceTree = "<group>"; };
		BB8A2A771C47B3090038E3E4 /* ParserI.m */ = {isa = PBXFileReference; fileEncoding = 4; lastKnownFileType = sourcecode.c.objc; path = ParserI.m; sourceTree = "<group>"; };
		BB8A2A791C47B3090038E3E4 /* ResourceLoaderFactoryiOS.h */ = {isa = PBXFileReference; fileEncoding = 4; lastKnownFileType = sourcecode.c.h; path = ResourceLoaderFactoryiOS.h; sourceTree = "<group>"; };
		BB8A2A7A1C47B3090038E3E4 /* ResourceLoaderFactoryiOS.m */ = {isa = PBXFileReference; fileEncoding = 4; lastKnownFileType = sourcecode.c.objc; path = ResourceLoaderFactoryiOS.m; sourceTree = "<group>"; };
		BB8A2A7B1C47B3090038E3E4 /* ResourceLoaderI.h */ = {isa = PBXFileReference; fileEncoding = 4; lastKnownFileType = sourcecode.c.h; path = ResourceLoaderI.h; sourceTree = "<group>"; };
		BB8A2A7C1C47B3090038E3E4 /* ResourceLoaderI.m */ = {isa = PBXFileReference; fileEncoding = 4; lastKnownFileType = sourcecode.c.objc; path = ResourceLoaderI.m; sourceTree = "<group>"; };
		BB8A2A9B1C47B3360038E3E4 /* Resources */ = {isa = PBXFileReference; lastKnownFileType = folder; path = Resources; sourceTree = "<group>"; };
/* End PBXFileReference section */

/* Begin PBXFrameworksBuildPhase section */
		BB8A2A2C1C47AB1F0038E3E4 /* Frameworks */ = {
			isa = PBXFrameworksBuildPhase;
			buildActionMask = 2147483647;
			files = (
				ACC2DC241B2E8097DAB607C4 /* libPods-LatexRenderer.a in Frameworks */,
			);
			runOnlyForDeploymentPostprocessing = 0;
		};
/* End PBXFrameworksBuildPhase section */

/* Begin PBXGroup section */
		0AD4EE18E9CC2C56D607448D /* Pods */ = {
			isa = PBXGroup;
			children = (
				A1FFADED792FCD5350F3A5BC /* Pods-LatexRenderer.debug.xcconfig */,
				3A754EB9E8C42737B1BDD59A /* Pods-LatexRenderer.release.xcconfig */,
			);
			name = Pods;
			sourceTree = "<group>";
		};
		BB8A2A261C47AB1F0038E3E4 = {
			isa = PBXGroup;
			children = (
				BB8A2A311C47AB1F0038E3E4 /* LatexRenderer */,
				BB8A2A301C47AB1F0038E3E4 /* Products */,
				0AD4EE18E9CC2C56D607448D /* Pods */,
				D480886C75E7AC7C0EBB021B /* Frameworks */,
			);
			sourceTree = "<group>";
		};
		BB8A2A301C47AB1F0038E3E4 /* Products */ = {
			isa = PBXGroup;
			children = (
				BB8A2A2F1C47AB1F0038E3E4 /* libLatexRenderer.a */,
			);
			name = Products;
			sourceTree = "<group>";
		};
		BB8A2A311C47AB1F0038E3E4 /* LatexRenderer */ = {
			isa = PBXGroup;
			children = (
				BB8A2A9B1C47B3360038E3E4 /* Resources */,
				BB8A2A3B1C47B3090038E3E4 /* Classes */,
			);
			path = LatexRenderer;
			sourceTree = "<group>";
		};
		BB8A2A3B1C47B3090038E3E4 /* Classes */ = {
			isa = PBXGroup;
			children = (
				BB8A2A3C1C47B3090038E3E4 /* BaseObjectHelper.h */,
				BB8A2A3D1C47B3090038E3E4 /* BaseObjectHelper.m */,
				BB8A2A3E1C47B3090038E3E4 /* FactoryProvideriOS.h */,
				BB8A2A3F1C47B3090038E3E4 /* FactoryProvideriOS.m */,
				BB8A2A401C47B3090038E3E4 /* font */,
				BB8A2A4F1C47B3090038E3E4 /* geom */,
				BB8A2A5A1C47B3090038E3E4 /* graphics */,
				BB8A2A671C47B3090038E3E4 /* parser */,
				BB8A2A781C47B3090038E3E4 /* resources */,
			);
			path = Classes;
			sourceTree = "<group>";
		};
		BB8A2A401C47B3090038E3E4 /* font */ = {
			isa = PBXGroup;
			children = (
				BB8A2A411C47B3090038E3E4 /* FontFactoryiOS.h */,
				BB8A2A421C47B3090038E3E4 /* FontFactoryiOS.m */,
				BB8A2A431C47B3090038E3E4 /* FontI.h */,
				BB8A2A441C47B3090038E3E4 /* FontI.m */,
				BB8A2A451C47B3090038E3E4 /* FontLoaderI.h */,
				BB8A2A461C47B3090038E3E4 /* FontLoaderI.m */,
				BB8A2A471C47B3090038E3E4 /* FontRenderContextI.h */,
				BB8A2A481C47B3090038E3E4 /* FontRenderContextI.m */,
				BB8A2A491C47B3090038E3E4 /* TextAttributeI.h */,
				BB8A2A4A1C47B3090038E3E4 /* TextAttributeI.m */,
				BB8A2A4B1C47B3090038E3E4 /* TextAttributeProviderI.h */,
				BB8A2A4C1C47B3090038E3E4 /* TextAttributeProviderI.m */,
				BB8A2A4D1C47B3090038E3E4 /* TextLayoutI.h */,
				BB8A2A4E1C47B3090038E3E4 /* TextLayoutI.m */,
			);
			path = font;
			sourceTree = "<group>";
		};
		BB8A2A4F1C47B3090038E3E4 /* geom */ = {
			isa = PBXGroup;
			children = (
				BB8A2A501C47B3090038E3E4 /* GeomFactoryiOS.h */,
				BB8A2A511C47B3090038E3E4 /* GeomFactoryiOS.m */,
				BB8A2A521C47B3090038E3E4 /* Line2DI.h */,
				BB8A2A531C47B3090038E3E4 /* Line2DI.m */,
				BB8A2A541C47B3090038E3E4 /* Point2DI.h */,
				BB8A2A551C47B3090038E3E4 /* Point2DI.m */,
				BB8A2A561C47B3090038E3E4 /* Rectangle2DI.h */,
				BB8A2A571C47B3090038E3E4 /* Rectangle2DI.m */,
				BB8A2A581C47B3090038E3E4 /* RoundRectangle2DI.h */,
				BB8A2A591C47B3090038E3E4 /* RoundRectangle2DI.m */,
			);
			path = geom;
			sourceTree = "<group>";
		};
		BB8A2A5A1C47B3090038E3E4 /* graphics */ = {
			isa = PBXGroup;
			children = (
				BB8A2A5B1C47B3090038E3E4 /* BasicStrokeI.h */,
				BB8A2A5C1C47B3090038E3E4 /* BasicStrokeI.m */,
				BB8A2A5D1C47B3090038E3E4 /* ColorI.h */,
				BB8A2A5E1C47B3090038E3E4 /* ColorI.m */,
				BB8A2A5F1C47B3090038E3E4 /* Graphics2DI.h */,
				BB8A2A601C47B3090038E3E4 /* Graphics2DI.m */,
				BB8A2A611C47B3090038E3E4 /* GraphicsFactoryiOS.h */,
				BB8A2A621C47B3090038E3E4 /* GraphicsFactoryiOS.m */,
				BB8A2A631C47B3090038E3E4 /* ImageI.h */,
				BB8A2A641C47B3090038E3E4 /* ImageI.m */,
				BB8A2A651C47B3090038E3E4 /* TransformI.h */,
				BB8A2A661C47B3090038E3E4 /* TransformI.m */,
			);
			path = graphics;
			sourceTree = "<group>";
		};
		BB8A2A671C47B3090038E3E4 /* parser */ = {
			isa = PBXGroup;
			children = (
				BB8A2A681C47B3090038E3E4 /* AttrI.h */,
				BB8A2A691C47B3090038E3E4 /* AttrI.m */,
				BB8A2A6A1C47B3090038E3E4 /* DocumentI.h */,
				BB8A2A6B1C47B3090038E3E4 /* DocumentI.m */,
				BB8A2A6C1C47B3090038E3E4 /* ElementI.h */,
				BB8A2A6D1C47B3090038E3E4 /* ElementI.m */,
				BB8A2A6E1C47B3090038E3E4 /* NamedNodeMapI.h */,
				BB8A2A6F1C47B3090038E3E4 /* NamedNodeMapI.m */,
				BB8A2A701C47B3090038E3E4 /* NodeI.h */,
				BB8A2A711C47B3090038E3E4 /* NodeI.m */,
				BB8A2A721C47B3090038E3E4 /* NodeListI.h */,
				BB8A2A731C47B3090038E3E4 /* NodeListI.m */,
				BB8A2A741C47B3090038E3E4 /* ParserFactoryiOS.h */,
				BB8A2A751C47B3090038E3E4 /* ParserFactoryiOS.m */,
				BB8A2A761C47B3090038E3E4 /* ParserI.h */,
				BB8A2A771C47B3090038E3E4 /* ParserI.m */,
			);
			path = parser;
			sourceTree = "<group>";
		};
		BB8A2A781C47B3090038E3E4 /* resources */ = {
			isa = PBXGroup;
			children = (
				BB8A2A791C47B3090038E3E4 /* ResourceLoaderFactoryiOS.h */,
				BB8A2A7A1C47B3090038E3E4 /* ResourceLoaderFactoryiOS.m */,
				BB8A2A7B1C47B3090038E3E4 /* ResourceLoaderI.h */,
				BB8A2A7C1C47B3090038E3E4 /* ResourceLoaderI.m */,
			);
			path = resources;
			sourceTree = "<group>";
		};
		D480886C75E7AC7C0EBB021B /* Frameworks */ = {
			isa = PBXGroup;
			children = (
				844762A140354C242A6C75D6 /* libPods-LatexRenderer.a */,
			);
			name = Frameworks;
			sourceTree = "<group>";
		};
/* End PBXGroup section */

/* Begin PBXNativeTarget section */
		BB8A2A2E1C47AB1F0038E3E4 /* LatexRenderer */ = {
			isa = PBXNativeTarget;
			buildConfigurationList = BB8A2A381C47AB1F0038E3E4 /* Build configuration list for PBXNativeTarget "LatexRenderer" */;
			buildPhases = (
				04744DDA5D378DC01CE1FD57 /* Check Pods Manifest.lock */,
				BB8A2A2B1C47AB1F0038E3E4 /* Sources */,
				BB8A2A2C1C47AB1F0038E3E4 /* Frameworks */,
				BB8A2A2D1C47AB1F0038E3E4 /* CopyFiles */,
				9DABFE9FA9482FC396E73BCF /* Copy Pods Resources */,
			);
			buildRules = (
			);
			dependencies = (
			);
			name = LatexRenderer;
			productName = LatexRenderer;
			productReference = BB8A2A2F1C47AB1F0038E3E4 /* libLatexRenderer.a */;
			productType = "com.apple.product-type.library.static";
		};
/* End PBXNativeTarget section */

/* Begin PBXProject section */
		BB8A2A271C47AB1F0038E3E4 /* Project object */ = {
			isa = PBXProject;
			attributes = {
				LastUpgradeCheck = 0720;
				ORGANIZATIONNAME = himamis;
				TargetAttributes = {
					BB8A2A2E1C47AB1F0038E3E4 = {
						CreatedOnToolsVersion = 7.2;
					};
				};
			};
			buildConfigurationList = BB8A2A2A1C47AB1F0038E3E4 /* Build configuration list for PBXProject "LatexRenderer" */;
			compatibilityVersion = "Xcode 3.2";
			developmentRegion = English;
			hasScannedForEncodings = 0;
			knownRegions = (
				en,
			);
			mainGroup = BB8A2A261C47AB1F0038E3E4;
			productRefGroup = BB8A2A301C47AB1F0038E3E4 /* Products */;
			projectDirPath = "";
			projectRoot = "";
			targets = (
				BB8A2A2E1C47AB1F0038E3E4 /* LatexRenderer */,
			);
		};
/* End PBXProject section */

/* Begin PBXShellScriptBuildPhase section */
		04744DDA5D378DC01CE1FD57 /* Check Pods Manifest.lock */ = {
			isa = PBXShellScriptBuildPhase;
			buildActionMask = 2147483647;
			files = (
			);
			inputPaths = (
			);
			name = "Check Pods Manifest.lock";
			outputPaths = (
			);
			runOnlyForDeploymentPostprocessing = 0;
			shellPath = /bin/sh;
			shellScript = "diff \"${PODS_ROOT}/../Podfile.lock\" \"${PODS_ROOT}/Manifest.lock\" > /dev/null\nif [[ $? != 0 ]] ; then\n    cat << EOM\nerror: The sandbox is not in sync with the Podfile.lock. Run 'pod install' or update your CocoaPods installation.\nEOM\n    exit 1\nfi\n";
			showEnvVarsInLog = 0;
		};
		9DABFE9FA9482FC396E73BCF /* Copy Pods Resources */ = {
			isa = PBXShellScriptBuildPhase;
			buildActionMask = 2147483647;
			files = (
			);
			inputPaths = (
			);
			name = "Copy Pods Resources";
			outputPaths = (
			);
			runOnlyForDeploymentPostprocessing = 0;
			shellPath = /bin/sh;
			shellScript = "\"${SRCROOT}/Pods/Target Support Files/Pods-LatexRenderer/Pods-LatexRenderer-resources.sh\"\n";
			showEnvVarsInLog = 0;
		};
/* End PBXShellScriptBuildPhase section */

/* Begin PBXSourcesBuildPhase section */
		BB8A2A2B1C47AB1F0038E3E4 /* Sources */ = {
			isa = PBXSourcesBuildPhase;
			buildActionMask = 2147483647;
			files = (
				BB8A2A9A1C47B3090038E3E4 /* ResourceLoaderI.m in Sources */,
				BB8A2A911C47B3090038E3E4 /* AttrI.m in Sources */,
				BB8A2A841C47B3090038E3E4 /* TextAttributeProviderI.m in Sources */,
				BB8A2A921C47B3090038E3E4 /* DocumentI.m in Sources */,
				BB8A2A7D1C47B3090038E3E4 /* BaseObjectHelper.m in Sources */,
				BB8A2A881C47B3090038E3E4 /* Point2DI.m in Sources */,
				BB8A2A961C47B3090038E3E4 /* NodeListI.m in Sources */,
				BB8A2A8E1C47B3090038E3E4 /* GraphicsFactoryiOS.m in Sources */,
				BB8A2A901C47B3090038E3E4 /* TransformI.m in Sources */,
				BB8A2A861C47B3090038E3E4 /* GeomFactoryiOS.m in Sources */,
				BB8A2A8D1C47B3090038E3E4 /* Graphics2DI.m in Sources */,
				BB8A2A8B1C47B3090038E3E4 /* BasicStrokeI.m in Sources */,
				BB8A2A7E1C47B3090038E3E4 /* FactoryProvideriOS.m in Sources */,
				BB8A2A821C47B3090038E3E4 /* FontRenderContextI.m in Sources */,
				BB8A2A941C47B3090038E3E4 /* NamedNodeMapI.m in Sources */,
				BB8A2A981C47B3090038E3E4 /* ParserI.m in Sources */,
				BB8A2A801C47B3090038E3E4 /* FontI.m in Sources */,
				BB8A2A851C47B3090038E3E4 /* TextLayoutI.m in Sources */,
				BB8A2A8F1C47B3090038E3E4 /* ImageI.m in Sources */,
				BB8A2A7F1C47B3090038E3E4 /* FontFactoryiOS.m in Sources */,
				BB8A2A871C47B3090038E3E4 /* Line2DI.m in Sources */,
				BB8A2A8C1C47B3090038E3E4 /* ColorI.m in Sources */,
				BB8A2A8A1C47B3090038E3E4 /* RoundRectangle2DI.m in Sources */,
				BB8A2A951C47B3090038E3E4 /* NodeI.m in Sources */,
				BB8A2A831C47B3090038E3E4 /* TextAttributeI.m in Sources */,
				BB8A2A991C47B3090038E3E4 /* ResourceLoaderFactoryiOS.m in Sources */,
				BB8A2A931C47B3090038E3E4 /* ElementI.m in Sources */,
				BB8A2A971C47B3090038E3E4 /* ParserFactoryiOS.m in Sources */,
				BB8A2A891C47B3090038E3E4 /* Rectangle2DI.m in Sources */,
				BB8A2A811C47B3090038E3E4 /* FontLoaderI.m in Sources */,
			);
			runOnlyForDeploymentPostprocessing = 0;
		};
/* End PBXSourcesBuildPhase section */

/* Begin XCBuildConfiguration section */
		BB8A2A361C47AB1F0038E3E4 /* Debug */ = {
			isa = XCBuildConfiguration;
			buildSettings = {
				ALWAYS_SEARCH_USER_PATHS = NO;
				CLANG_CXX_LANGUAGE_STANDARD = "gnu++0x";
				CLANG_CXX_LIBRARY = "libc++";
				CLANG_ENABLE_MODULES = YES;
				CLANG_ENABLE_OBJC_ARC = YES;
				CLANG_WARN_BOOL_CONVERSION = YES;
				CLANG_WARN_CONSTANT_CONVERSION = YES;
				CLANG_WARN_DIRECT_OBJC_ISA_USAGE = YES_ERROR;
				CLANG_WARN_EMPTY_BODY = YES;
				CLANG_WARN_ENUM_CONVERSION = YES;
				CLANG_WARN_INT_CONVERSION = YES;
				CLANG_WARN_OBJC_ROOT_CLASS = YES_ERROR;
				CLANG_WARN_UNREACHABLE_CODE = YES;
				CLANG_WARN__DUPLICATE_METHOD_MATCH = YES;
				"CODE_SIGN_IDENTITY[sdk=iphoneos*]" = "iPhone Developer";
				COPY_PHASE_STRIP = NO;
				DEBUG_INFORMATION_FORMAT = dwarf;
				ENABLE_STRICT_OBJC_MSGSEND = YES;
				ENABLE_TESTABILITY = YES;
				GCC_C_LANGUAGE_STANDARD = gnu99;
				GCC_DYNAMIC_NO_PIC = NO;
				GCC_NO_COMMON_BLOCKS = YES;
				GCC_OPTIMIZATION_LEVEL = 0;
				GCC_PREPROCESSOR_DEFINITIONS = (
					"DEBUG=1",
					"$(inherited)",
				);
				GCC_WARN_64_TO_32_BIT_CONVERSION = YES;
				GCC_WARN_ABOUT_RETURN_TYPE = YES_ERROR;
				GCC_WARN_UNDECLARED_SELECTOR = YES;
				GCC_WARN_UNINITIALIZED_AUTOS = YES_AGGRESSIVE;
				GCC_WARN_UNUSED_FUNCTION = YES;
				GCC_WARN_UNUSED_VARIABLE = YES;
				IPHONEOS_DEPLOYMENT_TARGET = 9.2;
				MTL_ENABLE_DEBUG_INFO = YES;
				ONLY_ACTIVE_ARCH = YES;
				SDKROOT = iphoneos;
			};
			name = Debug;
		};
		BB8A2A371C47AB1F0038E3E4 /* Release */ = {
			isa = XCBuildConfiguration;
			buildSettings = {
				ALWAYS_SEARCH_USER_PATHS = NO;
				CLANG_CXX_LANGUAGE_STANDARD = "gnu++0x";
				CLANG_CXX_LIBRARY = "libc++";
				CLANG_ENABLE_MODULES = YES;
				CLANG_ENABLE_OBJC_ARC = YES;
				CLANG_WARN_BOOL_CONVERSION = YES;
				CLANG_WARN_CONSTANT_CONVERSION = YES;
				CLANG_WARN_DIRECT_OBJC_ISA_USAGE = YES_ERROR;
				CLANG_WARN_EMPTY_BODY = YES;
				CLANG_WARN_ENUM_CONVERSION = YES;
				CLANG_WARN_INT_CONVERSION = YES;
				CLANG_WARN_OBJC_ROOT_CLASS = YES_ERROR;
				CLANG_WARN_UNREACHABLE_CODE = YES;
				CLANG_WARN__DUPLICATE_METHOD_MATCH = YES;
				"CODE_SIGN_IDENTITY[sdk=iphoneos*]" = "iPhone Developer";
				COPY_PHASE_STRIP = NO;
				DEBUG_INFORMATION_FORMAT = "dwarf-with-dsym";
				ENABLE_NS_ASSERTIONS = NO;
				ENABLE_STRICT_OBJC_MSGSEND = YES;
				GCC_C_LANGUAGE_STANDARD = gnu99;
				GCC_NO_COMMON_BLOCKS = YES;
				GCC_WARN_64_TO_32_BIT_CONVERSION = YES;
				GCC_WARN_ABOUT_RETURN_TYPE = YES_ERROR;
				GCC_WARN_UNDECLARED_SELECTOR = YES;
				GCC_WARN_UNINITIALIZED_AUTOS = YES_AGGRESSIVE;
				GCC_WARN_UNUSED_FUNCTION = YES;
				GCC_WARN_UNUSED_VARIABLE = YES;
				IPHONEOS_DEPLOYMENT_TARGET = 9.2;
				MTL_ENABLE_DEBUG_INFO = NO;
				SDKROOT = iphoneos;
				VALIDATE_PRODUCT = YES;
			};
			name = Release;
		};
		BB8A2A391C47AB1F0038E3E4 /* Debug */ = {
			isa = XCBuildConfiguration;
			baseConfigurationReference = A1FFADED792FCD5350F3A5BC /* Pods-LatexRenderer.debug.xcconfig */;
			buildSettings = {
				ALWAYS_SEARCH_USER_PATHS = NO;
				HEADER_SEARCH_PATHS = (
					/Users/geogebra/j2objc/include,
					"/Users/geogebra/workspace/ReTeX/renderer/share/build/j2objcOutputs/src/main/objc/**",
					"$(inherited)",
					"\"${PODS_ROOT}/Headers/Public\"",
					"\"${PODS_ROOT}/Headers/Public/j2objc-share-debug\"",
					"\"${PODS_ROOT}/Headers/Public/j2objc-share-release\"",
				);
				OTHER_LDFLAGS = "-ObjC";
				PRODUCT_NAME = "$(TARGET_NAME)";
				SKIP_INSTALL = YES;
			};
			name = Debug;
		};
		BB8A2A3A1C47AB1F0038E3E4 /* Release */ = {
			isa = XCBuildConfiguration;
			baseConfigurationReference = 3A754EB9E8C42737B1BDD59A /* Pods-LatexRenderer.release.xcconfig */;
			buildSettings = {
				ALWAYS_SEARCH_USER_PATHS = NO;
				HEADER_SEARCH_PATHS = (
					/Users/geogebra/j2objc/include,
					"/Users/geogebra/workspace/ReTeX/renderer/share/build/j2objcOutputs/src/main/objc/**",
					"$(inherited)",
					"\"${PODS_ROOT}/Headers/Public\"",
					"\"${PODS_ROOT}/Headers/Public/j2objc-share-debug\"",
					"\"${PODS_ROOT}/Headers/Public/j2objc-share-release\"",
				);
				OTHER_LDFLAGS = "-ObjC";
				PRODUCT_NAME = "$(TARGET_NAME)";
				SKIP_INSTALL = YES;
			};
			name = Release;
		};
/* End XCBuildConfiguration section */

/* Begin XCConfigurationList section */
		BB8A2A2A1C47AB1F0038E3E4 /* Build configuration list for PBXProject "LatexRenderer" */ = {
			isa = XCConfigurationList;
			buildConfigurations = (
				BB8A2A361C47AB1F0038E3E4 /* Debug */,
				BB8A2A371C47AB1F0038E3E4 /* Release */,
			);
			defaultConfigurationIsVisible = 0;
			defaultConfigurationName = Release;
		};
		BB8A2A381C47AB1F0038E3E4 /* Build configuration list for PBXNativeTarget "LatexRenderer" */ = {
			isa = XCConfigurationList;
			buildConfigurations = (
				BB8A2A391C47AB1F0038E3E4 /* Debug */,
				BB8A2A3A1C47AB1F0038E3E4 /* Release */,
			);
			defaultConfigurationIsVisible = 0;
			defaultConfigurationName = Release;
		};
/* End XCConfigurationList section */
	};
	rootObject = BB8A2A271C47AB1F0038E3E4 /* Project object */;
}
